
Microsoft Visual Studio Solution File, Format Version 12.00
# Visual Studio 14
VisualStudioVersion = 14.0.24720.0
MinimumVisualStudioVersion = 10.0.40219.1
Project("{FAE04EC0-301F-11D3-BF4B-00C04F79EFBC}") = "MyWebScraper", "MyWebScraper\MyWebScraper.csproj", "{2C003417-B6E3-4D0B-93AD-D8F248D78AE2}"
EndProject
Project("{FAE04EC0-301F-11D3-BF4B-00C04F79EFBC}") = "WebScraperTest", "WebScraperTest\WebScraperTest.csproj", "{B666C0C7-8304-446A-87FE-14D3D754F528}"
EndProject
Project("{FAE04EC0-301F-11D3-BF4B-00C04F79EFBC}") = "WinWebScraper", "WinWebScraper\WinWebScraper.csproj", "{1FA407BE-FE00-437E-8065-146EE02DF97A}"
EndProject
Global
	GlobalSection(SolutionConfigurationPlatforms) = preSolution
		Debug|Any CPU = Debug|Any CPU
		Release|Any CPU = Release|Any CPU
	EndGlobalSection
	GlobalSection(ProjectConfigurationPlatforms) = postSolution
		{2C003417-B6E3-4D0B-93AD-D8F248D78AE2}.Debug|Any CPU.ActiveCfg = Debug|Any CPU
		{2C003417-B6E3-4D0B-93AD-D8F248D78AE2}.Debug|Any CPU.Build.0 = Debug|Any CPU
		{2C003417-B6E3-4D0B-93AD-D8F248D78AE2}.Release|Any CPU.ActiveCfg = Release|Any CPU
		{2C003417-B6E3-4D0B-93AD-D8F248D78AE2}.Release|Any CPU.Build.0 = Release|Any CPU
		{B666C0C7-8304-446A-87FE-14D3D754F528}.Debug|Any CPU.ActiveCfg = Debug|Any CPU
		{B666C0C7-8304-446A-87FE-14D3D754F528}.Debug|Any CPU.Build.0 = Debug|Any CPU
		{B666C0C7-8304-446A-87FE-14D3D754F528}.Release|Any CPU.ActiveCfg = Release|Any CPU
		{B666C0C7-8304-446A-87FE-14D3D754F528}.Release|Any CPU.Build.0 = Release|Any CPU
		{1FA407BE-FE00-437E-8065-146EE02DF97A}.Debug|Any CPU.ActiveCfg = Debug|Any CPU
		{1FA407BE-FE00-437E-8065-146EE02DF97A}.Debug|Any CPU.Build.0 = Debug|Any CPU
		{1FA407BE-FE00-437E-8065-146EE02DF97A}.Release|Any CPU.ActiveCfg = Release|Any CPU
		{1FA407BE-FE00-437E-8065-146EE02DF97A}.Release|Any CPU.Build.0 = Release|Any CPU
	EndGlobalSection
	GlobalSection(SolutionProperties) = preSolution
		HideSolutionNode = FALSE
	EndGlobalSection
EndGlobal
